
Microsoft Visual Studio Solution File, Format Version 12.00
# Visual Studio Version 17
VisualStudioVersion = 17.8.34525.116
MinimumVisualStudioVersion = 10.0.40219.1
Project("{FAE04EC0-301F-11D3-BF4B-00C04F79EFBC}") = "UniversityManagment", "UniversityManagment.csproj", "{CFFEF63D-77DB-40FA-BA52-B6557316536A}"
EndProject
Global
	GlobalSection(SolutionConfigurationPlatforms) = preSolution
		Debug|Any CPU = Debug|Any CPU
		Release|Any CPU = Release|Any CPU
	EndGlobalSection
	GlobalSection(ProjectConfigurationPlatforms) = postSolution
		{CFFEF63D-77DB-40FA-BA52-B6557316536A}.Debug|Any CPU.ActiveCfg = Debug|Any CPU
		{CFFEF63D-77DB-40FA-BA52-B6557316536A}.Debug|Any CPU.Build.0 = Debug|Any CPU
		{CFFEF63D-77DB-40FA-BA52-B6557316536A}.Release|Any CPU.ActiveCfg = Release|Any CPU
		{CFFEF63D-77DB-40FA-BA52-B6557316536A}.Release|Any CPU.Build.0 = Release|Any CPU
	EndGlobalSection
	GlobalSection(SolutionProperties) = preSolution
		HideSolutionNode = FALSE
	EndGlobalSection
	GlobalSection(ExtensibilityGlobals) = postSolution
		SolutionGuid = {8BA46C16-672D-452D-ABA7-3A988748B423}
	EndGlobalSection
EndGlobal
